# This file is generated by running "yarn install" inside your project.
# Manual changes might be lost - proceed with caution!

__metadata:
  version: 8
  cacheKey: 10c0

"chalk@npm:^5.5.0":
  version: 5.5.0
  resolution: "chalk@npm:5.5.0"
  checksum: 10c0/23063b544f7c2fe57d25ff814807de561f8adfff72e4f0051051eaa606f772586470507ccd38d89166300eeaadb0164acde8bb8a0716a0f2d56ccdf3761d5e4f
  languageName: node
  linkType: hard

"test-yarn@workspace:.":
  version: 0.0.0-use.local
  resolution: "test-yarn@workspace:."
  dependencies:
    chalk: "npm:^5.5.0"
  languageName: unknown
  linkType: soft
