{
  "name": "0709",
  "lockfileVersion": 3,
  "requires": true,
  "packages": {
    "": {
      "dependencies": {
        "chance": "^1.1.13",
        "luxon": "^3.6.1"
      },
      "devDependencies": {
        "@types/chance": "^1.1.7",
        "@types/luxon": "^3.6.2"
      }
    },
    "node_modules/@types/chance": {
      "version": "1.1.7",
      "resolved": "https://registry.npmjs.org/@types/chance/-/chance-1.1.7.tgz",
      "integrity": "sha512-40you9610GTQPJyvjMBgmj9wiDO6qXhbfjizNYod/fmvLSfUUxURAJMTD8tjmbcZSsyYE5iEUox61AAcCjW/wQ==",
      "dev": true,
      "license": "MIT"
    },
    "node_modules/@types/luxon": {
      "version": "3.6.2",
      "resolved": "https://registry.npmjs.org/@types/luxon/-/luxon-3.6.2.tgz",
      "integrity": "sha512-R/BdP7OxEMc44l2Ex5lSXHoIXTB2JLNa3y2QISIbr58U/YcsffyQrYW//hZSdrfxrjRZj3GcUoxMPGdO8gSYuw==",
      "dev": true,
      "license": "MIT"
    },
    "node_modules/chance": {
      "version": "1.1.13",
      "resolved": "https://registry.npmjs.org/chance/-/chance-1.1.13.tgz",
      "integrity": "sha512-V6lQCljcLznE7tUYUM9EOAnnKXbctE6j/rdQkYOHIWbfGQbrzTsAXNW9CdU5XCo4ArXQCj/rb6HgxPlmGJcaUg==",
      "license": "MIT"
    },
    "node_modules/luxon": {
      "version": "3.6.1",
      "resolved": "https://registry.npmjs.org/luxon/-/luxon-3.6.1.tgz",
      "integrity": "sha512-tJLxrKJhO2ukZ5z0gyjY1zPh3Rh88Ej9P7jNrZiHMUXHae1yvI2imgOZtL1TO8TW6biMMKfTtAOoEJANgtWBMQ==",
      "license": "MIT",
      "engines": {
        "node": ">=12"
      }
    }
  }
}
